
Microsoft Visual Studio Solution File, Format Version 12.00
# Visual Studio Express 2013 for Windows Desktop
VisualStudioVersion = 12.0.30110.0
MinimumVisualStudioVersion = 10.0.40219.1
Project("{FAE04EC0-301F-11D3-BF4B-00C04F79EFBC}") = "GW2PAO.API", "GW2PAO.API\GW2PAO.API.csproj", "{65064198-8A49-4693-BEE2-FF6376F24188}"
EndProject
Project("{FAE04EC0-301F-11D3-BF4B-00C04F79EFBC}") = "GW2PAO.PresentationCore", "GW2PAO.PresentationCore\GW2PAO.PresentationCore.csproj", "{1CEDDC1B-A058-4828-B333-ED79A69C4172}"
EndProject
Project("{FAE04EC0-301F-11D3-BF4B-00C04F79EFBC}") = "GW2PAO", "GW2PAO\GW2PAO.csproj", "{500715F3-12A8-46A4-81E8-CE7978352E38}"
EndProject
Project("{FAE04EC0-301F-11D3-BF4B-00C04F79EFBC}") = "GW2PAO.StickyWindows", "GW2PAO.StickyWindows\GW2PAO.StickyWindows.csproj", "{4F2D6EEB-63E9-48CD-A62D-5043A1A446F6}"
EndProject
Global
	GlobalSection(SolutionConfigurationPlatforms) = preSolution
		Debug|Any CPU = Debug|Any CPU
		Release|Any CPU = Release|Any CPU
	EndGlobalSection
	GlobalSection(ProjectConfigurationPlatforms) = postSolution
		{65064198-8A49-4693-BEE2-FF6376F24188}.Debug|Any CPU.ActiveCfg = Debug|Any CPU
		{65064198-8A49-4693-BEE2-FF6376F24188}.Debug|Any CPU.Build.0 = Debug|Any CPU
		{65064198-8A49-4693-BEE2-FF6376F24188}.Release|Any CPU.ActiveCfg = Release|Any CPU
		{65064198-8A49-4693-BEE2-FF6376F24188}.Release|Any CPU.Build.0 = Release|Any CPU
		{1CEDDC1B-A058-4828-B333-ED79A69C4172}.Debug|Any CPU.ActiveCfg = Debug|Any CPU
		{1CEDDC1B-A058-4828-B333-ED79A69C4172}.Debug|Any CPU.Build.0 = Debug|Any CPU
		{1CEDDC1B-A058-4828-B333-ED79A69C4172}.Release|Any CPU.ActiveCfg = Release|Any CPU
		{1CEDDC1B-A058-4828-B333-ED79A69C4172}.Release|Any CPU.Build.0 = Release|Any CPU
		{500715F3-12A8-46A4-81E8-CE7978352E38}.Debug|Any CPU.ActiveCfg = Debug|Any CPU
		{500715F3-12A8-46A4-81E8-CE7978352E38}.Debug|Any CPU.Build.0 = Debug|Any CPU
		{500715F3-12A8-46A4-81E8-CE7978352E38}.Release|Any CPU.ActiveCfg = Release|Any CPU
		{500715F3-12A8-46A4-81E8-CE7978352E38}.Release|Any CPU.Build.0 = Release|Any CPU
		{4F2D6EEB-63E9-48CD-A62D-5043A1A446F6}.Debug|Any CPU.ActiveCfg = Debug|Any CPU
		{4F2D6EEB-63E9-48CD-A62D-5043A1A446F6}.Debug|Any CPU.Build.0 = Debug|Any CPU
		{4F2D6EEB-63E9-48CD-A62D-5043A1A446F6}.Release|Any CPU.ActiveCfg = Release|Any CPU
		{4F2D6EEB-63E9-48CD-A62D-5043A1A446F6}.Release|Any CPU.Build.0 = Release|Any CPU
	EndGlobalSection
	GlobalSection(SolutionProperties) = preSolution
		HideSolutionNode = FALSE
	EndGlobalSection
EndGlobal
