
Microsoft Visual Studio Solution File, Format Version 12.00
# Visual Studio 2013
VisualStudioVersion = 12.0.31101.0
MinimumVisualStudioVersion = 10.0.40219.1
Project("{FAE04EC0-301F-11D3-BF4B-00C04F79EFBC}") = "GW2PAO.API", "GW2PAO.API\GW2PAO.API.csproj", "{65064198-8A49-4693-BEE2-FF6376F24188}"
EndProject
Project("{FAE04EC0-301F-11D3-BF4B-00C04F79EFBC}") = "GW2PAO.PresentationCore", "GW2PAO.PresentationCore\GW2PAO.PresentationCore.csproj", "{1CEDDC1B-A058-4828-B333-ED79A69C4172}"
EndProject
Project("{FAE04EC0-301F-11D3-BF4B-00C04F79EFBC}") = "GW2PAO", "GW2PAO\GW2PAO.csproj", "{500715F3-12A8-46A4-81E8-CE7978352E38}"
EndProject
Project("{FAE04EC0-301F-11D3-BF4B-00C04F79EFBC}") = "GW2PAO.StickyWindows", "GW2PAO.StickyWindows\GW2PAO.StickyWindows.csproj", "{4F2D6EEB-63E9-48CD-A62D-5043A1A446F6}"
EndProject
Project("{FAE04EC0-301F-11D3-BF4B-00C04F79EFBC}") = "GW2PAO.TS3", "GW2PAO.TS3\GW2PAO.TS3.csproj", "{47C6CBDD-7E9D-4737-96EF-C58A4C92C271}"
EndProject
Project("{2150E333-8FDC-42A3-9474-1A3956D46DE8}") = "UnitTests", "UnitTests", "{28732993-AE8F-4B5C-BE38-4A9DF110B859}"
EndProject
Project("{FAE04EC0-301F-11D3-BF4B-00C04F79EFBC}") = "GW2PAO.UnitTest", "UnitTests\GW2PAO.UnitTest\GW2PAO.UnitTest.csproj", "{FF03BACF-5C31-4450-99AD-A4BC68ECAB50}"
EndProject
Project("{FAE04EC0-301F-11D3-BF4B-00C04F79EFBC}") = "GW2PAO.API.UnitTest", "UnitTests\GW2PAO.API.UnitTest\GW2PAO.API.UnitTest.csproj", "{29A4EEF8-D0ED-4C0A-AE6D-260501B4935A}"
EndProject
Project("{FAE04EC0-301F-11D3-BF4B-00C04F79EFBC}") = "GW2PAO.PresentationCore.UnitTest", "UnitTests\GW2PAO.PresentationCore.UnitTest\GW2PAO.PresentationCore.UnitTest.csproj", "{DFE59C20-D502-435E-876F-595975645170}"
EndProject
Project("{FAE04EC0-301F-11D3-BF4B-00C04F79EFBC}") = "GW2PAO.StickyWindows.UnitTest", "UnitTests\GW2PAO.StickyWindows.UnitTest\GW2PAO.StickyWindows.UnitTest.csproj", "{07C72D89-A5D4-4E95-A2B0-05BCAD2851B0}"
EndProject
Project("{FAE04EC0-301F-11D3-BF4B-00C04F79EFBC}") = "GW2PAO.TS3.UnitTest", "UnitTests\GW2PAO.TS3.UnitTest\GW2PAO.TS3.UnitTest.csproj", "{C7532D5D-FB15-4868-94F5-B19B3DEA666D}"
EndProject
Project("{2150E333-8FDC-42A3-9474-1A3956D46DE8}") = "Licenses", "Licenses", "{B6654944-7387-4455-BCE4-0BC38EC2F02D}"
	ProjectSection(SolutionItems) = preProject
		AnetCopyright.txt = AnetCopyright.txt
		LICENSE.txt = LICENSE.txt
		ThirdPartyLicenses.txt = ThirdPartyLicenses.txt
	EndProjectSection
EndProject
Global
	GlobalSection(SolutionConfigurationPlatforms) = preSolution
		Debug|Any CPU = Debug|Any CPU
		Debug|x86 = Debug|x86
		Release_WithoutBrowser|Any CPU = Release_WithoutBrowser|Any CPU
		Release_WithoutBrowser|x86 = Release_WithoutBrowser|x86
		Release|Any CPU = Release|Any CPU
		Release|x86 = Release|x86
	EndGlobalSection
	GlobalSection(ProjectConfigurationPlatforms) = postSolution
		{65064198-8A49-4693-BEE2-FF6376F24188}.Debug|Any CPU.ActiveCfg = Debug|Any CPU
		{65064198-8A49-4693-BEE2-FF6376F24188}.Debug|Any CPU.Build.0 = Debug|Any CPU
		{65064198-8A49-4693-BEE2-FF6376F24188}.Debug|x86.ActiveCfg = Debug|x86
		{65064198-8A49-4693-BEE2-FF6376F24188}.Debug|x86.Build.0 = Debug|x86
		{65064198-8A49-4693-BEE2-FF6376F24188}.Release_WithoutBrowser|Any CPU.ActiveCfg = Release_WithoutBrowser|Any CPU
		{65064198-8A49-4693-BEE2-FF6376F24188}.Release_WithoutBrowser|Any CPU.Build.0 = Release_WithoutBrowser|Any CPU
		{65064198-8A49-4693-BEE2-FF6376F24188}.Release_WithoutBrowser|x86.ActiveCfg = Release_WithoutBrowser|x86
		{65064198-8A49-4693-BEE2-FF6376F24188}.Release_WithoutBrowser|x86.Build.0 = Release_WithoutBrowser|x86
		{65064198-8A49-4693-BEE2-FF6376F24188}.Release|Any CPU.ActiveCfg = Release|Any CPU
		{65064198-8A49-4693-BEE2-FF6376F24188}.Release|Any CPU.Build.0 = Release|Any CPU
		{65064198-8A49-4693-BEE2-FF6376F24188}.Release|x86.ActiveCfg = Release|x86
		{65064198-8A49-4693-BEE2-FF6376F24188}.Release|x86.Build.0 = Release|x86
		{1CEDDC1B-A058-4828-B333-ED79A69C4172}.Debug|Any CPU.ActiveCfg = Debug|Any CPU
		{1CEDDC1B-A058-4828-B333-ED79A69C4172}.Debug|Any CPU.Build.0 = Debug|Any CPU
		{1CEDDC1B-A058-4828-B333-ED79A69C4172}.Debug|x86.ActiveCfg = Debug|x86
		{1CEDDC1B-A058-4828-B333-ED79A69C4172}.Debug|x86.Build.0 = Debug|x86
		{1CEDDC1B-A058-4828-B333-ED79A69C4172}.Release_WithoutBrowser|Any CPU.ActiveCfg = Release_WithoutBrowser|Any CPU
		{1CEDDC1B-A058-4828-B333-ED79A69C4172}.Release_WithoutBrowser|Any CPU.Build.0 = Release_WithoutBrowser|Any CPU
		{1CEDDC1B-A058-4828-B333-ED79A69C4172}.Release_WithoutBrowser|x86.ActiveCfg = Release_WithoutBrowser|x86
		{1CEDDC1B-A058-4828-B333-ED79A69C4172}.Release_WithoutBrowser|x86.Build.0 = Release_WithoutBrowser|x86
		{1CEDDC1B-A058-4828-B333-ED79A69C4172}.Release|Any CPU.ActiveCfg = Release|Any CPU
		{1CEDDC1B-A058-4828-B333-ED79A69C4172}.Release|Any CPU.Build.0 = Release|Any CPU
		{1CEDDC1B-A058-4828-B333-ED79A69C4172}.Release|x86.ActiveCfg = Release|x86
		{1CEDDC1B-A058-4828-B333-ED79A69C4172}.Release|x86.Build.0 = Release|x86
		{500715F3-12A8-46A4-81E8-CE7978352E38}.Debug|Any CPU.ActiveCfg = Debug|Any CPU
		{500715F3-12A8-46A4-81E8-CE7978352E38}.Debug|Any CPU.Build.0 = Debug|Any CPU
		{500715F3-12A8-46A4-81E8-CE7978352E38}.Debug|x86.ActiveCfg = Debug|x86
		{500715F3-12A8-46A4-81E8-CE7978352E38}.Debug|x86.Build.0 = Debug|x86
		{500715F3-12A8-46A4-81E8-CE7978352E38}.Release_WithoutBrowser|Any CPU.ActiveCfg = Release_WithoutBrowser|Any CPU
		{500715F3-12A8-46A4-81E8-CE7978352E38}.Release_WithoutBrowser|Any CPU.Build.0 = Release_WithoutBrowser|Any CPU
		{500715F3-12A8-46A4-81E8-CE7978352E38}.Release_WithoutBrowser|x86.ActiveCfg = Release_WithoutBrowser|x86
		{500715F3-12A8-46A4-81E8-CE7978352E38}.Release_WithoutBrowser|x86.Build.0 = Release_WithoutBrowser|x86
		{500715F3-12A8-46A4-81E8-CE7978352E38}.Release|Any CPU.ActiveCfg = Release|Any CPU
		{500715F3-12A8-46A4-81E8-CE7978352E38}.Release|Any CPU.Build.0 = Release|Any CPU
		{500715F3-12A8-46A4-81E8-CE7978352E38}.Release|x86.ActiveCfg = Release|x86
		{500715F3-12A8-46A4-81E8-CE7978352E38}.Release|x86.Build.0 = Release|x86
		{4F2D6EEB-63E9-48CD-A62D-5043A1A446F6}.Debug|Any CPU.ActiveCfg = Debug|Any CPU
		{4F2D6EEB-63E9-48CD-A62D-5043A1A446F6}.Debug|Any CPU.Build.0 = Debug|Any CPU
		{4F2D6EEB-63E9-48CD-A62D-5043A1A446F6}.Debug|x86.ActiveCfg = Debug|x86
		{4F2D6EEB-63E9-48CD-A62D-5043A1A446F6}.Debug|x86.Build.0 = Debug|x86
		{4F2D6EEB-63E9-48CD-A62D-5043A1A446F6}.Release_WithoutBrowser|Any CPU.ActiveCfg = Release_WithoutBrowser|Any CPU
		{4F2D6EEB-63E9-48CD-A62D-5043A1A446F6}.Release_WithoutBrowser|Any CPU.Build.0 = Release_WithoutBrowser|Any CPU
		{4F2D6EEB-63E9-48CD-A62D-5043A1A446F6}.Release_WithoutBrowser|x86.ActiveCfg = Release_WithoutBrowser|x86
		{4F2D6EEB-63E9-48CD-A62D-5043A1A446F6}.Release_WithoutBrowser|x86.Build.0 = Release_WithoutBrowser|x86
		{4F2D6EEB-63E9-48CD-A62D-5043A1A446F6}.Release|Any CPU.ActiveCfg = Release|Any CPU
		{4F2D6EEB-63E9-48CD-A62D-5043A1A446F6}.Release|Any CPU.Build.0 = Release|Any CPU
		{4F2D6EEB-63E9-48CD-A62D-5043A1A446F6}.Release|x86.ActiveCfg = Release|x86
		{4F2D6EEB-63E9-48CD-A62D-5043A1A446F6}.Release|x86.Build.0 = Release|x86
		{47C6CBDD-7E9D-4737-96EF-C58A4C92C271}.Debug|Any CPU.ActiveCfg = Debug|Any CPU
		{47C6CBDD-7E9D-4737-96EF-C58A4C92C271}.Debug|Any CPU.Build.0 = Debug|Any CPU
		{47C6CBDD-7E9D-4737-96EF-C58A4C92C271}.Debug|x86.ActiveCfg = Debug|x86
		{47C6CBDD-7E9D-4737-96EF-C58A4C92C271}.Debug|x86.Build.0 = Debug|x86
		{47C6CBDD-7E9D-4737-96EF-C58A4C92C271}.Release_WithoutBrowser|Any CPU.ActiveCfg = Release|Any CPU
		{47C6CBDD-7E9D-4737-96EF-C58A4C92C271}.Release_WithoutBrowser|Any CPU.Build.0 = Release|Any CPU
		{47C6CBDD-7E9D-4737-96EF-C58A4C92C271}.Release_WithoutBrowser|x86.ActiveCfg = Release|x86
		{47C6CBDD-7E9D-4737-96EF-C58A4C92C271}.Release_WithoutBrowser|x86.Build.0 = Release|x86
		{47C6CBDD-7E9D-4737-96EF-C58A4C92C271}.Release|Any CPU.ActiveCfg = Release|Any CPU
		{47C6CBDD-7E9D-4737-96EF-C58A4C92C271}.Release|Any CPU.Build.0 = Release|Any CPU
		{47C6CBDD-7E9D-4737-96EF-C58A4C92C271}.Release|x86.ActiveCfg = Release|x86
		{47C6CBDD-7E9D-4737-96EF-C58A4C92C271}.Release|x86.Build.0 = Release|x86
		{FF03BACF-5C31-4450-99AD-A4BC68ECAB50}.Debug|Any CPU.ActiveCfg = Debug|Any CPU
		{FF03BACF-5C31-4450-99AD-A4BC68ECAB50}.Debug|Any CPU.Build.0 = Debug|Any CPU
		{FF03BACF-5C31-4450-99AD-A4BC68ECAB50}.Debug|x86.ActiveCfg = Debug|x86
		{FF03BACF-5C31-4450-99AD-A4BC68ECAB50}.Debug|x86.Build.0 = Debug|x86
		{FF03BACF-5C31-4450-99AD-A4BC68ECAB50}.Release_WithoutBrowser|Any CPU.ActiveCfg = Release|Any CPU
		{FF03BACF-5C31-4450-99AD-A4BC68ECAB50}.Release_WithoutBrowser|Any CPU.Build.0 = Release|Any CPU
		{FF03BACF-5C31-4450-99AD-A4BC68ECAB50}.Release_WithoutBrowser|x86.ActiveCfg = Release|x86
		{FF03BACF-5C31-4450-99AD-A4BC68ECAB50}.Release_WithoutBrowser|x86.Build.0 = Release|x86
		{FF03BACF-5C31-4450-99AD-A4BC68ECAB50}.Release|Any CPU.ActiveCfg = Release|Any CPU
		{FF03BACF-5C31-4450-99AD-A4BC68ECAB50}.Release|Any CPU.Build.0 = Release|Any CPU
		{FF03BACF-5C31-4450-99AD-A4BC68ECAB50}.Release|x86.ActiveCfg = Release|x86
		{FF03BACF-5C31-4450-99AD-A4BC68ECAB50}.Release|x86.Build.0 = Release|x86
		{29A4EEF8-D0ED-4C0A-AE6D-260501B4935A}.Debug|Any CPU.ActiveCfg = Debug|Any CPU
		{29A4EEF8-D0ED-4C0A-AE6D-260501B4935A}.Debug|Any CPU.Build.0 = Debug|Any CPU
		{29A4EEF8-D0ED-4C0A-AE6D-260501B4935A}.Debug|x86.ActiveCfg = Debug|x86
		{29A4EEF8-D0ED-4C0A-AE6D-260501B4935A}.Debug|x86.Build.0 = Debug|x86
		{29A4EEF8-D0ED-4C0A-AE6D-260501B4935A}.Release_WithoutBrowser|Any CPU.ActiveCfg = Release|Any CPU
		{29A4EEF8-D0ED-4C0A-AE6D-260501B4935A}.Release_WithoutBrowser|Any CPU.Build.0 = Release|Any CPU
		{29A4EEF8-D0ED-4C0A-AE6D-260501B4935A}.Release_WithoutBrowser|x86.ActiveCfg = Release|x86
		{29A4EEF8-D0ED-4C0A-AE6D-260501B4935A}.Release_WithoutBrowser|x86.Build.0 = Release|x86
		{29A4EEF8-D0ED-4C0A-AE6D-260501B4935A}.Release|Any CPU.ActiveCfg = Release|Any CPU
		{29A4EEF8-D0ED-4C0A-AE6D-260501B4935A}.Release|Any CPU.Build.0 = Release|Any CPU
		{29A4EEF8-D0ED-4C0A-AE6D-260501B4935A}.Release|x86.ActiveCfg = Release|x86
		{29A4EEF8-D0ED-4C0A-AE6D-260501B4935A}.Release|x86.Build.0 = Release|x86
		{DFE59C20-D502-435E-876F-595975645170}.Debug|Any CPU.ActiveCfg = Debug|Any CPU
		{DFE59C20-D502-435E-876F-595975645170}.Debug|Any CPU.Build.0 = Debug|Any CPU
		{DFE59C20-D502-435E-876F-595975645170}.Debug|x86.ActiveCfg = Debug|x86
		{DFE59C20-D502-435E-876F-595975645170}.Debug|x86.Build.0 = Debug|x86
		{DFE59C20-D502-435E-876F-595975645170}.Release_WithoutBrowser|Any CPU.ActiveCfg = Release|Any CPU
		{DFE59C20-D502-435E-876F-595975645170}.Release_WithoutBrowser|Any CPU.Build.0 = Release|Any CPU
		{DFE59C20-D502-435E-876F-595975645170}.Release_WithoutBrowser|x86.ActiveCfg = Release|x86
		{DFE59C20-D502-435E-876F-595975645170}.Release_WithoutBrowser|x86.Build.0 = Release|x86
		{DFE59C20-D502-435E-876F-595975645170}.Release|Any CPU.ActiveCfg = Release|Any CPU
		{DFE59C20-D502-435E-876F-595975645170}.Release|Any CPU.Build.0 = Release|Any CPU
		{DFE59C20-D502-435E-876F-595975645170}.Release|x86.ActiveCfg = Release|x86
		{DFE59C20-D502-435E-876F-595975645170}.Release|x86.Build.0 = Release|x86
		{07C72D89-A5D4-4E95-A2B0-05BCAD2851B0}.Debug|Any CPU.ActiveCfg = Debug|Any CPU
		{07C72D89-A5D4-4E95-A2B0-05BCAD2851B0}.Debug|Any CPU.Build.0 = Debug|Any CPU
		{07C72D89-A5D4-4E95-A2B0-05BCAD2851B0}.Debug|x86.ActiveCfg = Debug|x86
		{07C72D89-A5D4-4E95-A2B0-05BCAD2851B0}.Debug|x86.Build.0 = Debug|x86
		{07C72D89-A5D4-4E95-A2B0-05BCAD2851B0}.Release_WithoutBrowser|Any CPU.ActiveCfg = Release|Any CPU
		{07C72D89-A5D4-4E95-A2B0-05BCAD2851B0}.Release_WithoutBrowser|Any CPU.Build.0 = Release|Any CPU
		{07C72D89-A5D4-4E95-A2B0-05BCAD2851B0}.Release_WithoutBrowser|x86.ActiveCfg = Release|x86
		{07C72D89-A5D4-4E95-A2B0-05BCAD2851B0}.Release_WithoutBrowser|x86.Build.0 = Release|x86
		{07C72D89-A5D4-4E95-A2B0-05BCAD2851B0}.Release|Any CPU.ActiveCfg = Release|Any CPU
		{07C72D89-A5D4-4E95-A2B0-05BCAD2851B0}.Release|Any CPU.Build.0 = Release|Any CPU
		{07C72D89-A5D4-4E95-A2B0-05BCAD2851B0}.Release|x86.ActiveCfg = Release|x86
		{07C72D89-A5D4-4E95-A2B0-05BCAD2851B0}.Release|x86.Build.0 = Release|x86
		{C7532D5D-FB15-4868-94F5-B19B3DEA666D}.Debug|Any CPU.ActiveCfg = Debug|Any CPU
		{C7532D5D-FB15-4868-94F5-B19B3DEA666D}.Debug|Any CPU.Build.0 = Debug|Any CPU
		{C7532D5D-FB15-4868-94F5-B19B3DEA666D}.Debug|x86.ActiveCfg = Debug|x86
		{C7532D5D-FB15-4868-94F5-B19B3DEA666D}.Debug|x86.Build.0 = Debug|x86
		{C7532D5D-FB15-4868-94F5-B19B3DEA666D}.Release_WithoutBrowser|Any CPU.ActiveCfg = Release|Any CPU
		{C7532D5D-FB15-4868-94F5-B19B3DEA666D}.Release_WithoutBrowser|Any CPU.Build.0 = Release|Any CPU
		{C7532D5D-FB15-4868-94F5-B19B3DEA666D}.Release_WithoutBrowser|x86.ActiveCfg = Release|x86
		{C7532D5D-FB15-4868-94F5-B19B3DEA666D}.Release_WithoutBrowser|x86.Build.0 = Release|x86
		{C7532D5D-FB15-4868-94F5-B19B3DEA666D}.Release|Any CPU.ActiveCfg = Release|Any CPU
		{C7532D5D-FB15-4868-94F5-B19B3DEA666D}.Release|Any CPU.Build.0 = Release|Any CPU
		{C7532D5D-FB15-4868-94F5-B19B3DEA666D}.Release|x86.ActiveCfg = Release|x86
		{C7532D5D-FB15-4868-94F5-B19B3DEA666D}.Release|x86.Build.0 = Release|x86
	EndGlobalSection
	GlobalSection(SolutionProperties) = preSolution
		HideSolutionNode = FALSE
	EndGlobalSection
	GlobalSection(NestedProjects) = preSolution
		{FF03BACF-5C31-4450-99AD-A4BC68ECAB50} = {28732993-AE8F-4B5C-BE38-4A9DF110B859}
		{29A4EEF8-D0ED-4C0A-AE6D-260501B4935A} = {28732993-AE8F-4B5C-BE38-4A9DF110B859}
		{DFE59C20-D502-435E-876F-595975645170} = {28732993-AE8F-4B5C-BE38-4A9DF110B859}
		{07C72D89-A5D4-4E95-A2B0-05BCAD2851B0} = {28732993-AE8F-4B5C-BE38-4A9DF110B859}
		{C7532D5D-FB15-4868-94F5-B19B3DEA666D} = {28732993-AE8F-4B5C-BE38-4A9DF110B859}
	EndGlobalSection
EndGlobal
